
Microsoft Visual Studio Solution File, Format Version 12.00
# Visual Studio Version 17
VisualStudioVersion = 17.11.35303.130
MinimumVisualStudioVersion = 10.0.40219.1
Project("{9A19103F-16F7-4668-BE54-9A1E7A4F7556}") = "Assignement1_CarRental", "Assignement1_CarRental.csproj", "{B60E89A3-AB73-4A3E-A04B-FD35063D2781}"
EndProject
Project("{2150E333-8FDC-42A3-9474-1A3956D46DE8}") = "Application", "Application", "{05F44618-01C5-47E8-8E9F-C80DA2273743}"
EndProject
Project("{2150E333-8FDC-42A3-9474-1A3956D46DE8}") = "Webservices", "Webservices", "{FC9F6051-A8CC-437D-8C02-CD141BB707BE}"
EndProject
Project("{9A19103F-16F7-4668-BE54-9A1E7A4F7556}") = "Maintenance.WebAPI", "..\Maintenance.WebAPI\Maintenance.WebAPI.csproj", "{1280180C-E04B-4456-814D-E30FEFA00156}"
EndProject
Project("{9A19103F-16F7-4668-BE54-9A1E7A4F7556}") = "InventoryAPI", "..\InventoryAPI\InventoryAPI.csproj", "{B1C3A0AE-46C5-4662-B5CB-A6AC5D15DE72}"
EndProject
Project("{9A19103F-16F7-4668-BE54-9A1E7A4F7556}") = "CustomerAPI", "..\CustomerAPI\CustomerAPI.csproj", "{47F425BB-1D7F-42E4-8234-42EAFD7D6B73}"
EndProject
Project("{FAE04EC0-301F-11D3-BF4B-00C04F79EFBC}") = "DH_ApiGateway", "..\DH_ApiGateway\DH_ApiGateway.csproj", "{BDF9D596-4340-40C7-BE1C-207EB7498BAA}"
EndProject
Project("{FAE04EC0-301F-11D3-BF4B-00C04F79EFBC}") = "DH_GlobalExceptionHandler", "..\DH_GlobalExceptionHandler\DH_GlobalExceptionHandler.csproj", "{2E0218C7-C4F7-4BC2-929F-CBD5658A1823}"
EndProject
Global
	GlobalSection(SolutionConfigurationPlatforms) = preSolution
		Debug|Any CPU = Debug|Any CPU
		Release|Any CPU = Release|Any CPU
	EndGlobalSection
	GlobalSection(ProjectConfigurationPlatforms) = postSolution
		{B60E89A3-AB73-4A3E-A04B-FD35063D2781}.Debug|Any CPU.ActiveCfg = Debug|Any CPU
		{B60E89A3-AB73-4A3E-A04B-FD35063D2781}.Debug|Any CPU.Build.0 = Debug|Any CPU
		{B60E89A3-AB73-4A3E-A04B-FD35063D2781}.Release|Any CPU.ActiveCfg = Release|Any CPU
		{B60E89A3-AB73-4A3E-A04B-FD35063D2781}.Release|Any CPU.Build.0 = Release|Any CPU
		{1280180C-E04B-4456-814D-E30FEFA00156}.Debug|Any CPU.ActiveCfg = Debug|Any CPU
		{1280180C-E04B-4456-814D-E30FEFA00156}.Debug|Any CPU.Build.0 = Debug|Any CPU
		{1280180C-E04B-4456-814D-E30FEFA00156}.Release|Any CPU.ActiveCfg = Release|Any CPU
		{1280180C-E04B-4456-814D-E30FEFA00156}.Release|Any CPU.Build.0 = Release|Any CPU
		{B1C3A0AE-46C5-4662-B5CB-A6AC5D15DE72}.Debug|Any CPU.ActiveCfg = Debug|Any CPU
		{B1C3A0AE-46C5-4662-B5CB-A6AC5D15DE72}.Debug|Any CPU.Build.0 = Debug|Any CPU
		{B1C3A0AE-46C5-4662-B5CB-A6AC5D15DE72}.Release|Any CPU.ActiveCfg = Release|Any CPU
		{B1C3A0AE-46C5-4662-B5CB-A6AC5D15DE72}.Release|Any CPU.Build.0 = Release|Any CPU
		{47F425BB-1D7F-42E4-8234-42EAFD7D6B73}.Debug|Any CPU.ActiveCfg = Debug|Any CPU
		{47F425BB-1D7F-42E4-8234-42EAFD7D6B73}.Debug|Any CPU.Build.0 = Debug|Any CPU
		{47F425BB-1D7F-42E4-8234-42EAFD7D6B73}.Release|Any CPU.ActiveCfg = Release|Any CPU
		{47F425BB-1D7F-42E4-8234-42EAFD7D6B73}.Release|Any CPU.Build.0 = Release|Any CPU
		{BDF9D596-4340-40C7-BE1C-207EB7498BAA}.Debug|Any CPU.ActiveCfg = Debug|Any CPU
		{BDF9D596-4340-40C7-BE1C-207EB7498BAA}.Debug|Any CPU.Build.0 = Debug|Any CPU
		{BDF9D596-4340-40C7-BE1C-207EB7498BAA}.Release|Any CPU.ActiveCfg = Release|Any CPU
		{BDF9D596-4340-40C7-BE1C-207EB7498BAA}.Release|Any CPU.Build.0 = Release|Any CPU
		{2E0218C7-C4F7-4BC2-929F-CBD5658A1823}.Debug|Any CPU.ActiveCfg = Debug|Any CPU
		{2E0218C7-C4F7-4BC2-929F-CBD5658A1823}.Debug|Any CPU.Build.0 = Debug|Any CPU
		{2E0218C7-C4F7-4BC2-929F-CBD5658A1823}.Release|Any CPU.ActiveCfg = Release|Any CPU
		{2E0218C7-C4F7-4BC2-929F-CBD5658A1823}.Release|Any CPU.Build.0 = Release|Any CPU
	EndGlobalSection
	GlobalSection(SolutionProperties) = preSolution
		HideSolutionNode = FALSE
	EndGlobalSection
	GlobalSection(NestedProjects) = preSolution
		{B60E89A3-AB73-4A3E-A04B-FD35063D2781} = {05F44618-01C5-47E8-8E9F-C80DA2273743}
		{1280180C-E04B-4456-814D-E30FEFA00156} = {FC9F6051-A8CC-437D-8C02-CD141BB707BE}
		{B1C3A0AE-46C5-4662-B5CB-A6AC5D15DE72} = {FC9F6051-A8CC-437D-8C02-CD141BB707BE}
		{47F425BB-1D7F-42E4-8234-42EAFD7D6B73} = {FC9F6051-A8CC-437D-8C02-CD141BB707BE}
		{BDF9D596-4340-40C7-BE1C-207EB7498BAA} = {FC9F6051-A8CC-437D-8C02-CD141BB707BE}
		{2E0218C7-C4F7-4BC2-929F-CBD5658A1823} = {FC9F6051-A8CC-437D-8C02-CD141BB707BE}
	EndGlobalSection
	GlobalSection(ExtensibilityGlobals) = postSolution
		SolutionGuid = {577C4948-5050-49FD-A98B-9E143F4C0923}
	EndGlobalSection
EndGlobal
