
Microsoft Visual Studio Solution File, Format Version 12.00
# Visual Studio Version 17
VisualStudioVersion = 17.11.35303.130
MinimumVisualStudioVersion = 10.0.40219.1
Project("{9A19103F-16F7-4668-BE54-9A1E7A4F7556}") = "Assignement1_CarRental", "Assignement1_CarRental.csproj", "{B60E89A3-AB73-4A3E-A04B-FD35063D2781}"
EndProject
Project("{2150E333-8FDC-42A3-9474-1A3956D46DE8}") = "UI", "UI", "{05F44618-01C5-47E8-8E9F-C80DA2273743}"
EndProject
Project("{2150E333-8FDC-42A3-9474-1A3956D46DE8}") = "API", "API", "{FC9F6051-A8CC-437D-8C02-CD141BB707BE}"
EndProject
Project("{9A19103F-16F7-4668-BE54-9A1E7A4F7556}") = "Maintenance.WebAPI", "..\Maintenance.WebAPI\Maintenance.WebAPI.csproj", "{1280180C-E04B-4456-814D-E30FEFA00156}"
EndProject
Project("{9A19103F-16F7-4668-BE54-9A1E7A4F7556}") = "CustomerAPI", "..\CustomerAPI\CustomerAPI.csproj", "{47F425BB-1D7F-42E4-8234-42EAFD7D6B73}"
EndProject
Project("{FAE04EC0-301F-11D3-BF4B-00C04F79EFBC}") = "DH_ApiGateway", "..\DH_ApiGateway\DH_ApiGateway.csproj", "{BDF9D596-4340-40C7-BE1C-207EB7498BAA}"
EndProject
Project("{FAE04EC0-301F-11D3-BF4B-00C04F79EFBC}") = "DH_GlobalExceptionHandler", "..\DH_GlobalExceptionHandler\DH_GlobalExceptionHandler.csproj", "{2E0218C7-C4F7-4BC2-929F-CBD5658A1823}"
EndProject
Project("{2150E333-8FDC-42A3-9474-1A3956D46DE8}") = "Inventory", "Inventory", "{02EA681E-C7D8-13C7-8484-4AC65E1B71E8}"
EndProject
Project("{FAE04EC0-301F-11D3-BF4B-00C04F79EFBC}") = "DH_VehicleInventory.Domain", "..\DH_VehicleInventory\DH_VehicleInventory.Domain\DH_VehicleInventory.Domain.csproj", "{2C164127-B2CB-E2F8-D5D6-B754B22BD434}"
EndProject
Project("{FAE04EC0-301F-11D3-BF4B-00C04F79EFBC}") = "DH_VehicleInventory.Infrastructure", "..\DH_VehicleInventory\DH_VehicleInventory.Infrastructure\DH_VehicleInventory.Infrastructure.csproj", "{DC33CCAD-59E5-3260-73D3-70D6180AD99B}"
EndProject
Project("{FAE04EC0-301F-11D3-BF4B-00C04F79EFBC}") = "DH_VehicleInventory.WebAPI", "..\DH_VehicleInventory\DH_VehicleInventory.WebAPI\DH_VehicleInventory.WebAPI.csproj", "{3DF89A43-AC52-282A-9360-6DE93E9420A5}"
EndProject
Project("{FAE04EC0-301F-11D3-BF4B-00C04F79EFBC}") = "DH_VehicleInventory.Application", "..\DH_VehicleInventory\DH_VehicleInventory.Application\DH_VehicleInventory.Application.csproj", "{C005DD42-9DB7-6356-0EA8-BB43B3481C07}"
EndProject
Project("{FAE04EC0-301F-11D3-BF4B-00C04F79EFBC}") = "DH_VehicleInventory_UnitTests", "..\DH_VehicleInventory\DH_VehicleInventory_UnitTests\DH_VehicleInventory_UnitTests.csproj", "{8DC1F1A5-6D07-57B0-7075-00DB7C539A71}"
EndProject
Project("{2150E333-8FDC-42A3-9474-1A3956D46DE8}") = "Shared", "Shared", "{F2315732-AB34-4CF8-9AC4-FE84A4386259}"
EndProject
Project("{2150E333-8FDC-42A3-9474-1A3956D46DE8}") = "Tests", "Tests", "{D6A35CC4-15B5-40A0-8D35-3A5CD3036DBD}"
EndProject
Global
	GlobalSection(SolutionConfigurationPlatforms) = preSolution
		Debug|Any CPU = Debug|Any CPU
		Release|Any CPU = Release|Any CPU
	EndGlobalSection
	GlobalSection(ProjectConfigurationPlatforms) = postSolution
		{B60E89A3-AB73-4A3E-A04B-FD35063D2781}.Debug|Any CPU.ActiveCfg = Debug|Any CPU
		{B60E89A3-AB73-4A3E-A04B-FD35063D2781}.Debug|Any CPU.Build.0 = Debug|Any CPU
		{B60E89A3-AB73-4A3E-A04B-FD35063D2781}.Release|Any CPU.ActiveCfg = Release|Any CPU
		{B60E89A3-AB73-4A3E-A04B-FD35063D2781}.Release|Any CPU.Build.0 = Release|Any CPU
		{1280180C-E04B-4456-814D-E30FEFA00156}.Debug|Any CPU.ActiveCfg = Debug|Any CPU
		{1280180C-E04B-4456-814D-E30FEFA00156}.Debug|Any CPU.Build.0 = Debug|Any CPU
		{1280180C-E04B-4456-814D-E30FEFA00156}.Release|Any CPU.ActiveCfg = Release|Any CPU
		{1280180C-E04B-4456-814D-E30FEFA00156}.Release|Any CPU.Build.0 = Release|Any CPU
		{47F425BB-1D7F-42E4-8234-42EAFD7D6B73}.Debug|Any CPU.ActiveCfg = Debug|Any CPU
		{47F425BB-1D7F-42E4-8234-42EAFD7D6B73}.Debug|Any CPU.Build.0 = Debug|Any CPU
		{47F425BB-1D7F-42E4-8234-42EAFD7D6B73}.Release|Any CPU.ActiveCfg = Release|Any CPU
		{47F425BB-1D7F-42E4-8234-42EAFD7D6B73}.Release|Any CPU.Build.0 = Release|Any CPU
		{BDF9D596-4340-40C7-BE1C-207EB7498BAA}.Debug|Any CPU.ActiveCfg = Debug|Any CPU
		{BDF9D596-4340-40C7-BE1C-207EB7498BAA}.Debug|Any CPU.Build.0 = Debug|Any CPU
		{BDF9D596-4340-40C7-BE1C-207EB7498BAA}.Release|Any CPU.ActiveCfg = Release|Any CPU
		{BDF9D596-4340-40C7-BE1C-207EB7498BAA}.Release|Any CPU.Build.0 = Release|Any CPU
		{2E0218C7-C4F7-4BC2-929F-CBD5658A1823}.Debug|Any CPU.ActiveCfg = Debug|Any CPU
		{2E0218C7-C4F7-4BC2-929F-CBD5658A1823}.Debug|Any CPU.Build.0 = Debug|Any CPU
		{2E0218C7-C4F7-4BC2-929F-CBD5658A1823}.Release|Any CPU.ActiveCfg = Release|Any CPU
		{2E0218C7-C4F7-4BC2-929F-CBD5658A1823}.Release|Any CPU.Build.0 = Release|Any CPU
		{2C164127-B2CB-E2F8-D5D6-B754B22BD434}.Debug|Any CPU.ActiveCfg = Debug|Any CPU
		{2C164127-B2CB-E2F8-D5D6-B754B22BD434}.Debug|Any CPU.Build.0 = Debug|Any CPU
		{2C164127-B2CB-E2F8-D5D6-B754B22BD434}.Release|Any CPU.ActiveCfg = Release|Any CPU
		{2C164127-B2CB-E2F8-D5D6-B754B22BD434}.Release|Any CPU.Build.0 = Release|Any CPU
		{DC33CCAD-59E5-3260-73D3-70D6180AD99B}.Debug|Any CPU.ActiveCfg = Debug|Any CPU
		{DC33CCAD-59E5-3260-73D3-70D6180AD99B}.Debug|Any CPU.Build.0 = Debug|Any CPU
		{DC33CCAD-59E5-3260-73D3-70D6180AD99B}.Release|Any CPU.ActiveCfg = Release|Any CPU
		{DC33CCAD-59E5-3260-73D3-70D6180AD99B}.Release|Any CPU.Build.0 = Release|Any CPU
		{3DF89A43-AC52-282A-9360-6DE93E9420A5}.Debug|Any CPU.ActiveCfg = Debug|Any CPU
		{3DF89A43-AC52-282A-9360-6DE93E9420A5}.Debug|Any CPU.Build.0 = Debug|Any CPU
		{3DF89A43-AC52-282A-9360-6DE93E9420A5}.Release|Any CPU.ActiveCfg = Release|Any CPU
		{3DF89A43-AC52-282A-9360-6DE93E9420A5}.Release|Any CPU.Build.0 = Release|Any CPU
		{C005DD42-9DB7-6356-0EA8-BB43B3481C07}.Debug|Any CPU.ActiveCfg = Debug|Any CPU
		{C005DD42-9DB7-6356-0EA8-BB43B3481C07}.Debug|Any CPU.Build.0 = Debug|Any CPU
		{C005DD42-9DB7-6356-0EA8-BB43B3481C07}.Release|Any CPU.ActiveCfg = Release|Any CPU
		{C005DD42-9DB7-6356-0EA8-BB43B3481C07}.Release|Any CPU.Build.0 = Release|Any CPU
		{8DC1F1A5-6D07-57B0-7075-00DB7C539A71}.Debug|Any CPU.ActiveCfg = Debug|Any CPU
		{8DC1F1A5-6D07-57B0-7075-00DB7C539A71}.Debug|Any CPU.Build.0 = Debug|Any CPU
		{8DC1F1A5-6D07-57B0-7075-00DB7C539A71}.Release|Any CPU.ActiveCfg = Release|Any CPU
		{8DC1F1A5-6D07-57B0-7075-00DB7C539A71}.Release|Any CPU.Build.0 = Release|Any CPU
	EndGlobalSection
	GlobalSection(SolutionProperties) = preSolution
		HideSolutionNode = FALSE
	EndGlobalSection
	GlobalSection(NestedProjects) = preSolution
		{B60E89A3-AB73-4A3E-A04B-FD35063D2781} = {05F44618-01C5-47E8-8E9F-C80DA2273743}
		{1280180C-E04B-4456-814D-E30FEFA00156} = {FC9F6051-A8CC-437D-8C02-CD141BB707BE}
		{47F425BB-1D7F-42E4-8234-42EAFD7D6B73} = {FC9F6051-A8CC-437D-8C02-CD141BB707BE}
		{BDF9D596-4340-40C7-BE1C-207EB7498BAA} = {FC9F6051-A8CC-437D-8C02-CD141BB707BE}
		{2E0218C7-C4F7-4BC2-929F-CBD5658A1823} = {F2315732-AB34-4CF8-9AC4-FE84A4386259}
		{02EA681E-C7D8-13C7-8484-4AC65E1B71E8} = {FC9F6051-A8CC-437D-8C02-CD141BB707BE}
		{2C164127-B2CB-E2F8-D5D6-B754B22BD434} = {02EA681E-C7D8-13C7-8484-4AC65E1B71E8}
		{DC33CCAD-59E5-3260-73D3-70D6180AD99B} = {02EA681E-C7D8-13C7-8484-4AC65E1B71E8}
		{3DF89A43-AC52-282A-9360-6DE93E9420A5} = {02EA681E-C7D8-13C7-8484-4AC65E1B71E8}
		{C005DD42-9DB7-6356-0EA8-BB43B3481C07} = {02EA681E-C7D8-13C7-8484-4AC65E1B71E8}
		{8DC1F1A5-6D07-57B0-7075-00DB7C539A71} = {D6A35CC4-15B5-40A0-8D35-3A5CD3036DBD}
	EndGlobalSection
	GlobalSection(ExtensibilityGlobals) = postSolution
		SolutionGuid = {577C4948-5050-49FD-A98B-9E143F4C0923}
	EndGlobalSection
EndGlobal
